
Microsoft Visual Studio Solution File, Format Version 12.00
# Visual Studio Version 16
VisualStudioVersion = 16.0.30907.101
MinimumVisualStudioVersion = 10.0.40219.1
Project("{2150E333-8FDC-42A3-9474-1A3956D46DE8}") = "samples", "samples", "{A861D26B-FE01-4F21-8406-491A3AA51EDC}"
EndProject
Project("{2150E333-8FDC-42A3-9474-1A3956D46DE8}") = "src", "src", "{110AC000-C5F0-490D-A865-B91E5BC720B5}"
EndProject
Project("{9A19103F-16F7-4668-BE54-9A1E7A4F7556}") = "AspNetCore.VersionInfo", "src\AspNetCore.VersionInfo\AspNetCore.VersionInfo.csproj", "{5CF5C397-F7D5-4CE4-ADA4-8F8CAB5B12B6}"
EndProject
Project("{9A19103F-16F7-4668-BE54-9A1E7A4F7556}") = "Basic", "samples\Basic\Basic.csproj", "{9F800954-126A-4AB2-AB62-D5DF5938B135}"
EndProject
Project("{2150E333-8FDC-42A3-9474-1A3956D46DE8}") = "tests", "tests", "{CF15560A-CAC6-428D-99B3-E751DB2852A4}"
EndProject
Project("{9A19103F-16F7-4668-BE54-9A1E7A4F7556}") = "AspNetCore.VersionInfo.Tests", "tests\AspNetCore.VersionInfo.Tests\AspNetCore.VersionInfo.Tests.csproj", "{39D0FF95-8133-4361-8890-9CC5B5BEE8EF}"
EndProject
Global
	GlobalSection(SolutionConfigurationPlatforms) = preSolution
		Debug|Any CPU = Debug|Any CPU
		Release|Any CPU = Release|Any CPU
	EndGlobalSection
	GlobalSection(ProjectConfigurationPlatforms) = postSolution
		{5CF5C397-F7D5-4CE4-ADA4-8F8CAB5B12B6}.Debug|Any CPU.ActiveCfg = Debug|Any CPU
		{5CF5C397-F7D5-4CE4-ADA4-8F8CAB5B12B6}.Debug|Any CPU.Build.0 = Debug|Any CPU
		{5CF5C397-F7D5-4CE4-ADA4-8F8CAB5B12B6}.Release|Any CPU.ActiveCfg = Release|Any CPU
		{5CF5C397-F7D5-4CE4-ADA4-8F8CAB5B12B6}.Release|Any CPU.Build.0 = Release|Any CPU
		{9F800954-126A-4AB2-AB62-D5DF5938B135}.Debug|Any CPU.ActiveCfg = Debug|Any CPU
		{9F800954-126A-4AB2-AB62-D5DF5938B135}.Debug|Any CPU.Build.0 = Debug|Any CPU
		{9F800954-126A-4AB2-AB62-D5DF5938B135}.Release|Any CPU.ActiveCfg = Release|Any CPU
		{9F800954-126A-4AB2-AB62-D5DF5938B135}.Release|Any CPU.Build.0 = Release|Any CPU
		{39D0FF95-8133-4361-8890-9CC5B5BEE8EF}.Debug|Any CPU.ActiveCfg = Debug|Any CPU
		{39D0FF95-8133-4361-8890-9CC5B5BEE8EF}.Debug|Any CPU.Build.0 = Debug|Any CPU
		{39D0FF95-8133-4361-8890-9CC5B5BEE8EF}.Release|Any CPU.ActiveCfg = Release|Any CPU
		{39D0FF95-8133-4361-8890-9CC5B5BEE8EF}.Release|Any CPU.Build.0 = Release|Any CPU
	EndGlobalSection
	GlobalSection(SolutionProperties) = preSolution
		HideSolutionNode = FALSE
	EndGlobalSection
	GlobalSection(NestedProjects) = preSolution
		{5CF5C397-F7D5-4CE4-ADA4-8F8CAB5B12B6} = {110AC000-C5F0-490D-A865-B91E5BC720B5}
		{9F800954-126A-4AB2-AB62-D5DF5938B135} = {A861D26B-FE01-4F21-8406-491A3AA51EDC}
		{39D0FF95-8133-4361-8890-9CC5B5BEE8EF} = {CF15560A-CAC6-428D-99B3-E751DB2852A4}
	EndGlobalSection
	GlobalSection(ExtensibilityGlobals) = postSolution
		SolutionGuid = {63AF568A-066B-46E8-AB2B-E367DFD9C84D}
	EndGlobalSection
EndGlobal
